schema: '2.0'
stages:
  fetch_data:
    cmd: python fetch_data.py
    deps:
    - path: ./fetch_data.py
      md5: b840b90f95f5c6cfe0fe6fc4b94a0430
      size: 1060
    - path: ./pipeline/connection.json
      md5: fb634adf680551d55770020a0b4a6761
      size: 265
    - path: ./pipeline/training_data_config.json
      md5: 8d98259544def329922a6726dd8c8d46
      size: 34
    params:
      params.yaml:
        fetch_data.server_type: local
    outs:
    - path: ./data
      md5: 7bfb10f02a315bea8d7c9a097d5d8cce.dir
      size: 1564180
      nfiles: 54
  tune:
    cmd: python tune.py
    deps:
    - path: ./data
      md5: 7bfb10f02a315bea8d7c9a097d5d8cce.dir
      size: 1564180
      nfiles: 54
    - path: ./pipeline/tune_params.json
      md5: 2f3652d18c4afc22a7c404a599f08d3a
      size: 349
    - path: ./tune.py
      md5: 77b227b397ac4400704260949d6937fb
      size: 1399
    params:
      params.yaml:
        tune.do_tuning: true
    outs:
    - path: ./pipeline/train_params.json
      md5: 17e28b5f645d112b25873c9aec34f317
      size: 151
  train:
    cmd: python train.py
    deps:
    - path: ./data
      md5: 7bfb10f02a315bea8d7c9a097d5d8cce.dir
      size: 1564180
      nfiles: 54
    - path: ./pipeline/train_params.json
      md5: 17e28b5f645d112b25873c9aec34f317
      size: 151
    - path: ./train.py
      md5: a0f677aecb74d47086d01f0b1d8b21a4
      size: 1043
    params:
      params.yaml:
        train.do_training: true
    outs:
    - path: ./models
      md5: 0cf78a350524c3a6cadbdc15b77a4581.dir
      size: 395368
      nfiles: 1
